description: Analog clock overlay configuration
type: object
properties:
  clock:
    type: integer
    format: uint8
    minimum: 0
    maximum: 255
    description: |
      Overlay mode selection:
      - 0: no overlay
      - 1: analog clock
      - 2: was single-digit clock (deprecated)
      - 3: was cronixie (deprecated)
    nullable: true
  cntdwn:
    type: boolean
    description: Countdown mode; Clock will count down towards date
    nullable: true
  min:
    type: integer
    format: uint8
    minimum: 0
    maximum: 255
    description: First LED of the clock overlay
    nullable: true
  max:
    type: integer
    format: uint8
    minimum: 0
    maximum: 255
    description: Last LED of the clock overlay
    nullable: true
  o12pix:
    type: integer
    format: uint8
    minimum: 0
    maximum: 255
    description: The pixel in your strip where "midnight" (12 o'clock) would be
    nullable: true
  o5m:
    type: boolean
    description: Show 5-minute marks on the clock face
    nullable: true
  osec:
    type: boolean
    description: Display seconds as trail of LEDs instead of a single pixel
    nullable: true
  osb:
    type: boolean
    description: Show clock overlay only if all LEDs are solid black (effect is 0 and color is black)
    nullable: true 